{
    "_meta": {
        "hash": {
            "sha256": "ae0b6b79df7f562414c736032e386169515af3f1670b00a6029f3f1c1aa5c428"
        },
        "pipfile-spec": 6,
        "requires": {
            "python_full_version": "3.10.8",
            "python_version": "3.10"
        },
        "sources": [
            {
                "name": "pypi",
                "url": "https://pypi.org/simple",
                "verify_ssl": true
            }
        ]
    },
    "default": {
        "keyboard": {
            "hashes": [
                "sha256:63ed83305955939ca5c9a73755e5cc43e8242263f5ad5fd3bb7e0b032f3d308b",
                "sha256:8e9c2422f1217e0bd84489b9ecd361027cc78415828f4fe4f88dd4acd587947b"
            ],
            "index": "pypi",
            "version": "==0.13.5"
        }
    },
    "develop": {}
}
